
Microsoft Visual Studio Solution File, Format Version 12.00
# Visual Studio Version 16
VisualStudioVersion = 16.0.29503.13
MinimumVisualStudioVersion = 10.0.40219.1
Project("{FAE04EC0-301F-11D3-BF4B-00C04F79EFBC}") = "ProjectsHouse", "ProjectsHouse\ProjectsHouse.csproj", "{60D243C6-1DC5-4F8F-9286-EDCB22F945D7}"
EndProject
Global
	GlobalSection(SolutionConfigurationPlatforms) = preSolution
		Debug|Any CPU = Debug|Any CPU
		Release|Any CPU = Release|Any CPU
	EndGlobalSection
	GlobalSection(ProjectConfigurationPlatforms) = postSolution
		{60D243C6-1DC5-4F8F-9286-EDCB22F945D7}.Debug|Any CPU.ActiveCfg = Debug|Any CPU
		{60D243C6-1DC5-4F8F-9286-EDCB22F945D7}.Debug|Any CPU.Build.0 = Debug|Any CPU
		{60D243C6-1DC5-4F8F-9286-EDCB22F945D7}.Release|Any CPU.ActiveCfg = Release|Any CPU
		{60D243C6-1DC5-4F8F-9286-EDCB22F945D7}.Release|Any CPU.Build.0 = Release|Any CPU
	EndGlobalSection
	GlobalSection(SolutionProperties) = preSolution
		HideSolutionNode = FALSE
	EndGlobalSection
	GlobalSection(ExtensibilityGlobals) = postSolution
		SolutionGuid = {BBDCDBE7-E058-47DF-BD0D-A9DA464D9DB5}
	EndGlobalSection
EndGlobal
